
Microsoft Visual Studio Solution File, Format Version 12.00
# Visual Studio 14
VisualStudioVersion = 14.0.25420.1
MinimumVisualStudioVersion = 10.0.40219.1
Project("{FAE04EC0-301F-11D3-BF4B-00C04F79EFBC}") = "Challenge_3_2", "Challenge_3_2\Challenge_3_2\Challenge_3_2.csproj", "{18D26862-63D8-4F67-ADC2-0FC8E0F82F0E}"
EndProject
Project("{96E2B04D-8817-42C6-938A-82C39BA4D311}") = "Challenge_3_2Content", "Challenge_3_2\Challenge_3_2Content\Challenge_3_2Content.contentproj", "{53E3BD5D-33FA-4857-B4B4-971C4712FDDC}"
EndProject
Global
	GlobalSection(SolutionConfigurationPlatforms) = preSolution
		Debug|x86 = Debug|x86
		Release|x86 = Release|x86
	EndGlobalSection
	GlobalSection(ProjectConfigurationPlatforms) = postSolution
		{18D26862-63D8-4F67-ADC2-0FC8E0F82F0E}.Debug|x86.ActiveCfg = Debug|x86
		{18D26862-63D8-4F67-ADC2-0FC8E0F82F0E}.Debug|x86.Build.0 = Debug|x86
		{18D26862-63D8-4F67-ADC2-0FC8E0F82F0E}.Release|x86.ActiveCfg = Release|x86
		{18D26862-63D8-4F67-ADC2-0FC8E0F82F0E}.Release|x86.Build.0 = Release|x86
		{53E3BD5D-33FA-4857-B4B4-971C4712FDDC}.Debug|x86.ActiveCfg = Debug|x86
		{53E3BD5D-33FA-4857-B4B4-971C4712FDDC}.Release|x86.ActiveCfg = Release|x86
	EndGlobalSection
	GlobalSection(SolutionProperties) = preSolution
		HideSolutionNode = FALSE
	EndGlobalSection
EndGlobal
