
Microsoft Visual Studio Solution File, Format Version 12.00
# Visual Studio 14
VisualStudioVersion = 14.0.25420.1
MinimumVisualStudioVersion = 10.0.40219.1
Project("{FAE04EC0-301F-11D3-BF4B-00C04F79EFBC}") = "Challenge_2_3", "Challenge_2_3\Challenge_2_3\Challenge_2_3.csproj", "{19A1F8A2-CE8C-4204-B0D3-3230F05A5941}"
EndProject
Project("{96E2B04D-8817-42C6-938A-82C39BA4D311}") = "Challenge_2_3Content", "Challenge_2_3\Challenge_2_3Content\Challenge_2_3Content.contentproj", "{22CB60B1-B6E1-42E7-897F-277618CA28EE}"
EndProject
Global
	GlobalSection(SolutionConfigurationPlatforms) = preSolution
		Debug|x86 = Debug|x86
		Release|x86 = Release|x86
	EndGlobalSection
	GlobalSection(ProjectConfigurationPlatforms) = postSolution
		{19A1F8A2-CE8C-4204-B0D3-3230F05A5941}.Debug|x86.ActiveCfg = Debug|x86
		{19A1F8A2-CE8C-4204-B0D3-3230F05A5941}.Debug|x86.Build.0 = Debug|x86
		{19A1F8A2-CE8C-4204-B0D3-3230F05A5941}.Release|x86.ActiveCfg = Release|x86
		{19A1F8A2-CE8C-4204-B0D3-3230F05A5941}.Release|x86.Build.0 = Release|x86
		{22CB60B1-B6E1-42E7-897F-277618CA28EE}.Debug|x86.ActiveCfg = Debug|x86
		{22CB60B1-B6E1-42E7-897F-277618CA28EE}.Release|x86.ActiveCfg = Release|x86
	EndGlobalSection
	GlobalSection(SolutionProperties) = preSolution
		HideSolutionNode = FALSE
	EndGlobalSection
EndGlobal
